<?xml version="1.0" encoding="utf-8"?>
<Project ToolsVersion="16.0" xmlns="http://schemas.microsoft.com/developer/msbuild/2003">
  <ItemGroup>
    <CustomBuild Include="C:\bench\stepmania\CMakeFiles\57debab60de77e9fcaa5c63ffb3d2d0e\PACKAGE_force.rule">
      <Filter>CMake Rules</Filter>
    </CustomBuild>
  </ItemGroup>
  <ItemGroup>
    <Filter Include="CMake Rules">
      <UniqueIdentifier>{9327FCD3-3B19-3A80-9EDC-462FD5D89339}</UniqueIdentifier>
    </Filter>
  </ItemGroup>
</Project>
